<?xml version="1.0" encoding="utf-8"?>
<Project ToolsVersion="4.0" xmlns="http://schemas.microsoft.com/developer/msbuild/2003">
  <ItemGroup>
    <Filter Include="源文件">
      <UniqueIdentifier>{4FC737F1-C7A5-4376-A066-2A32D752A2FF}</UniqueIdentifier>
      <Extensions>cpp;c;cc;cxx;c++;cppm;ixx;def;odl;idl;hpj;bat;asm;asmx</Extensions>
    </Filter>
    <Filter Include="头文件">
      <UniqueIdentifier>{93995380-89BD-4b04-88EB-625FBE52EBFB}</UniqueIdentifier>
      <Extensions>h;hh;hpp;hxx;h++;hm;inl;inc;ipp;xsd</Extensions>
    </Filter>
    <Filter Include="资源文件">
      <UniqueIdentifier>{67DA6AB6-F800-4c08-8B7A-83BB121AAD01}</UniqueIdentifier>
      <Extensions>rc;ico;cur;bmp;dlg;rc2;rct;bin;rgs;gif;jpg;jpeg;jpe;resx;tiff;tif;png;wav;mfcribbon-ms</Extensions>
    </Filter>
    <Filter Include="头文件\Widget">
      <UniqueIdentifier>{c5bf04b4-c5cd-4e45-95ac-e66237595d25}</UniqueIdentifier>
    </Filter>
    <Filter Include="头文件\Widget\Display_Widget">
      <UniqueIdentifier>{2ab740eb-7322-4a32-bc25-8ed67b4ba581}</UniqueIdentifier>
    </Filter>
    <Filter Include="头文件\Widget\Layer_Widget">
      <UniqueIdentifier>{89ae555b-60ef-4a5e-bd2d-cbadee34b560}</UniqueIdentifier>
    </Filter>
    <Filter Include="头文件\Widget\Basic">
      <UniqueIdentifier>{407b6034-ee63-42bb-9efd-8b6292df9a11}</UniqueIdentifier>
    </Filter>
    <Filter Include="头文件\Widget\unused">
      <UniqueIdentifier>{c2681989-6e59-4ca6-82a1-cc0000bae1cf}</UniqueIdentifier>
    </Filter>
    <Filter Include="头文件\Widget\Func_Button">
      <UniqueIdentifier>{a4e87a43-bc06-4398-b3ce-abea4e833dc5}</UniqueIdentifier>
    </Filter>
    <Filter Include="头文件\Game">
      <UniqueIdentifier>{2dcedb48-32df-4610-9168-bb2e3bcfc051}</UniqueIdentifier>
    </Filter>
    <Filter Include="头文件\Game\Basic">
      <UniqueIdentifier>{bc31c036-783b-445f-ac8a-d9524d4e6441}</UniqueIdentifier>
    </Filter>
    <Filter Include="头文件\Game\GameItem">
      <UniqueIdentifier>{7bdd01e8-dc89-4951-91a0-8c3b02ac0dbf}</UniqueIdentifier>
    </Filter>
    <Filter Include="头文件\Game\GameItem\Character">
      <UniqueIdentifier>{9129a042-2a0f-44f5-a3e4-bdb559798e0f}</UniqueIdentifier>
    </Filter>
    <Filter Include="头文件\Game\GameItem\Collision">
      <UniqueIdentifier>{42c1ff4f-7b6d-4d31-8c1f-0af271c0bdd9}</UniqueIdentifier>
    </Filter>
    <Filter Include="头文件\Game\GameItem\Actor">
      <UniqueIdentifier>{6c16d382-e3fb-4831-84d0-b4dde66b0971}</UniqueIdentifier>
    </Filter>
    <Filter Include="头文件\Game\Sence">
      <UniqueIdentifier>{4028d1af-102e-4442-88cc-5085ed75e0c2}</UniqueIdentifier>
    </Filter>
    <Filter Include="头文件\Widget\Singleton">
      <UniqueIdentifier>{cdba21f5-310c-401b-96b2-185da8a3b249}</UniqueIdentifier>
    </Filter>
    <Filter Include="头文件\Game\Render">
      <UniqueIdentifier>{b776a00e-841b-454a-8da9-6bdf0c843688}</UniqueIdentifier>
    </Filter>
    <Filter Include="头文件\Game\Render\AnimationRelated">
      <UniqueIdentifier>{48136ddd-9d18-475e-9715-d145f2ab1fb8}</UniqueIdentifier>
    </Filter>
    <Filter Include="头文件\Game\Basic\BasicSingleton">
      <UniqueIdentifier>{ba1af457-fcb3-4431-bd3e-6fe939ec9701}</UniqueIdentifier>
    </Filter>
    <Filter Include="头文件\Game\Basic\Virtual_Obj">
      <UniqueIdentifier>{e5fd9e58-b97f-4a74-9930-24fddc022754}</UniqueIdentifier>
    </Filter>
    <Filter Include="头文件\Game\Basic\Time">
      <UniqueIdentifier>{a2a035f0-bc91-4643-bc78-9da9f0c58408}</UniqueIdentifier>
    </Filter>
    <Filter Include="头文件\Game\GameItem\Factory">
      <UniqueIdentifier>{779dbda6-17bd-4272-981d-005a08736ee6}</UniqueIdentifier>
    </Filter>
    <Filter Include="头文件\Game\GameItem\Component">
      <UniqueIdentifier>{e2023f54-2cb5-4531-997b-79e5289b4486}</UniqueIdentifier>
    </Filter>
    <Filter Include="源文件\Widget">
      <UniqueIdentifier>{0fe74cf8-617a-4495-984e-5f7709ed3558}</UniqueIdentifier>
    </Filter>
    <Filter Include="源文件\Game">
      <UniqueIdentifier>{40b5123f-a7c4-4356-ab6c-803aec19eb16}</UniqueIdentifier>
    </Filter>
    <Filter Include="源文件\Widget\Basic">
      <UniqueIdentifier>{87a1a040-a349-4fa6-9f56-c6001c483dcb}</UniqueIdentifier>
    </Filter>
    <Filter Include="源文件\Widget\DisplayWidget">
      <UniqueIdentifier>{d36002ca-59b8-40de-9931-89e8c2aa948d}</UniqueIdentifier>
    </Filter>
    <Filter Include="源文件\Widget\FuncButton">
      <UniqueIdentifier>{da06a252-d7e9-472a-8dac-8b9a909b7e5c}</UniqueIdentifier>
    </Filter>
    <Filter Include="源文件\Widget\Layout">
      <UniqueIdentifier>{d092655b-df3a-4ade-b04a-d4a9b56508c8}</UniqueIdentifier>
    </Filter>
    <Filter Include="源文件\Game\GameItem">
      <UniqueIdentifier>{c21a7476-128c-484a-93ef-bf31aa62bea5}</UniqueIdentifier>
    </Filter>
    <Filter Include="源文件\Game\Basic">
      <UniqueIdentifier>{b0c88a96-83b3-4047-b757-7107c967fab1}</UniqueIdentifier>
    </Filter>
    <Filter Include="源文件\Game\Basic\VirtualObj">
      <UniqueIdentifier>{6784b85c-6679-4a90-a933-e09f84ae6025}</UniqueIdentifier>
    </Filter>
    <Filter Include="源文件\Game\Render">
      <UniqueIdentifier>{dcdb818f-a168-4670-b663-89bd4c2b6a41}</UniqueIdentifier>
    </Filter>
    <Filter Include="源文件\Game\Basic\Singleton">
      <UniqueIdentifier>{e38f4d47-8f90-4090-a237-0d14182196e4}</UniqueIdentifier>
    </Filter>
    <Filter Include="源文件\Basic">
      <UniqueIdentifier>{1523c8e1-cd64-4a15-8dac-5d37650b0d13}</UniqueIdentifier>
    </Filter>
    <Filter Include="源文件\Game\Sence">
      <UniqueIdentifier>{5a53a4e4-1c5f-40f0-bb40-7462bcf7d52a}</UniqueIdentifier>
    </Filter>
    <Filter Include="头文件\Game\GameItem\Actor\Chunck">
      <UniqueIdentifier>{d579ada5-ecf1-4db7-a5f2-e724688eea1f}</UniqueIdentifier>
    </Filter>
    <Filter Include="头文件\Game\GameItem\Actor\Chunck\Block">
      <UniqueIdentifier>{1fd91aff-00ba-47e1-966e-85f7317e0ad2}</UniqueIdentifier>
    </Filter>
    <Filter Include="头文件\Game\GameItem\Actor\Chunck\Playform">
      <UniqueIdentifier>{085f8129-3c4b-4c1b-91eb-89e34aace41c}</UniqueIdentifier>
    </Filter>
    <Filter Include="头文件\Game\GameItem\Actor\Pawn">
      <UniqueIdentifier>{ccbf47ae-40b7-4741-9e62-010d0e520f20}</UniqueIdentifier>
    </Filter>
    <Filter Include="头文件\Game\GameItem\Actor\Pawn\Bullet">
      <UniqueIdentifier>{4f14a91b-87c0-4c40-b63b-1591ccbab042}</UniqueIdentifier>
    </Filter>
    <Filter Include="头文件\Game\GameItem\Actor\Pawn\Item">
      <UniqueIdentifier>{492efe45-e507-43d4-99a5-17b2d45dffac}</UniqueIdentifier>
    </Filter>
    <Filter Include="头文件\Game\Level">
      <UniqueIdentifier>{53047f1d-c293-4c02-9813-7a4f61e52a9b}</UniqueIdentifier>
    </Filter>
    <Filter Include="头文件\Game\Basic\Interface">
      <UniqueIdentifier>{fce7ecfd-cce3-4f4e-9b5a-a50f9b7b41cf}</UniqueIdentifier>
    </Filter>
  </ItemGroup>
  <ItemGroup>
    <ClCompile Include="main.cpp">
      <Filter>源文件</Filter>
    </ClCompile>
    <ClCompile Include="WidgetTree.cpp">
      <Filter>源文件\Widget</Filter>
    </ClCompile>
    <ClCompile Include="Widget.cpp">
      <Filter>源文件\Widget\Basic</Filter>
    </ClCompile>
    <ClCompile Include="Label.cpp">
      <Filter>源文件\Widget\DisplayWidget</Filter>
    </ClCompile>
    <ClCompile Include="ItemButton.cpp">
      <Filter>源文件\Widget\FuncButton</Filter>
    </ClCompile>
    <ClCompile Include="MenuButton.cpp">
      <Filter>源文件\Widget\FuncButton</Filter>
    </ClCompile>
    <ClCompile Include="ShortcutItemButton.cpp">
      <Filter>源文件\Widget\FuncButton</Filter>
    </ClCompile>
    <ClCompile Include="UI_Button.cpp">
      <Filter>源文件\Widget\FuncButton</Filter>
    </ClCompile>
    <ClCompile Include="HorizontalWidgetList.cpp">
      <Filter>源文件\Widget\Layout</Filter>
    </ClCompile>
    <ClCompile Include="VerticalWidgetList.cpp">
      <Filter>源文件\Widget\Layout</Filter>
    </ClCompile>
    <ClCompile Include="WidgetList.cpp">
      <Filter>源文件\Widget\Layout</Filter>
    </ClCompile>
    <ClCompile Include="WidgetManager.cpp">
      <Filter>源文件\Widget\Basic</Filter>
    </ClCompile>
    <ClCompile Include="Animation.cpp">
      <Filter>源文件\Game\Render</Filter>
    </ClCompile>
    <ClCompile Include="Arrow.cpp">
      <Filter>源文件\Game\GameItem</Filter>
    </ClCompile>
    <ClCompile Include="Actor.cpp">
      <Filter>源文件\Game\GameItem</Filter>
    </ClCompile>
    <ClCompile Include="Atlas.cpp">
      <Filter>源文件\Game\Render</Filter>
    </ClCompile>
    <ClCompile Include="Block.cpp">
      <Filter>源文件\Game\GameItem</Filter>
    </ClCompile>
    <ClCompile Include="Bullet.cpp">
      <Filter>源文件\Game\GameItem</Filter>
    </ClCompile>
    <ClCompile Include="Button.cpp">
      <Filter>源文件\Game\GameItem</Filter>
    </ClCompile>
    <ClCompile Include="Game.cpp">
      <Filter>源文件\Game\Basic</Filter>
    </ClCompile>
    <ClCompile Include="ActorManager.cpp">
      <Filter>源文件\Game\Basic\Singleton</Filter>
    </ClCompile>
    <ClCompile Include="AnimationManager.cpp">
      <Filter>源文件\Game\Basic\Singleton</Filter>
    </ClCompile>
    <ClCompile Include="Camera.cpp">
      <Filter>源文件\Game\Basic\Singleton</Filter>
    </ClCompile>
    <ClCompile Include="TObject.cpp">
      <Filter>源文件\Basic</Filter>
    </ClCompile>
    <ClCompile Include="Transform.cpp">
      <Filter>源文件\Basic</Filter>
    </ClCompile>
    <ClCompile Include="Character.cpp">
      <Filter>源文件\Game\GameItem</Filter>
    </ClCompile>
    <ClCompile Include="CollisionBox.cpp">
      <Filter>源文件\Game\GameItem</Filter>
    </ClCompile>
    <ClCompile Include="CollisionObject.cpp">
      <Filter>源文件\Game\Basic\VirtualObj</Filter>
    </ClCompile>
    <ClCompile Include="TObjectManager.cpp">
      <Filter>源文件\Game\Basic\Singleton</Filter>
    </ClCompile>
    <ClCompile Include="Timer.cpp">
      <Filter>源文件\Game\Basic</Filter>
    </ClCompile>
    <ClCompile Include="Vector2.cpp">
      <Filter>源文件\Basic</Filter>
    </ClCompile>
    <ClCompile Include="TEntityObject.cpp">
      <Filter>源文件\Game\Basic\VirtualObj</Filter>
    </ClCompile>
    <ClCompile Include="TComponentObject.cpp">
      <Filter>源文件\Game\Basic\VirtualObj</Filter>
    </ClCompile>
    <ClCompile Include="StorageManager.cpp">
      <Filter>源文件\Game\Basic\Singleton</Filter>
    </ClCompile>
    <ClCompile Include="SenceManager.cpp">
      <Filter>源文件\Game\Basic\Singleton</Filter>
    </ClCompile>
    <ClCompile Include="RenderManager.cpp">
      <Filter>源文件\Game\Basic\Singleton</Filter>
    </ClCompile>
    <ClCompile Include="CollisionManager.cpp">
      <Filter>源文件\Game\Render</Filter>
    </ClCompile>
    <ClCompile Include="GameSence.cpp">
      <Filter>源文件\Game\Sence</Filter>
    </ClCompile>
    <ClCompile Include="MenuSence.cpp">
      <Filter>源文件\Game\Sence</Filter>
    </ClCompile>
    <ClCompile Include="Sence.cpp">
      <Filter>源文件\Game\Sence</Filter>
    </ClCompile>
    <ClCompile Include="InputManager.cpp">
      <Filter>源文件\Game\Basic\Singleton</Filter>
    </ClCompile>
    <ClCompile Include="ResourcesManager.cpp">
      <Filter>源文件\Game\Basic\Singleton</Filter>
    </ClCompile>
    <ClCompile Include="StorageWidget.cpp">
      <Filter>源文件\Widget\DisplayWidget</Filter>
    </ClCompile>
    <ClCompile Include="MovementObject.cpp">
      <Filter>源文件\Game\Basic\VirtualObj</Filter>
    </ClCompile>
    <ClCompile Include="RenderNode.cpp">
      <Filter>源文件\Game\Render</Filter>
    </ClCompile>
    <ClCompile Include="Item.cpp">
      <Filter>源文件\Game\GameItem</Filter>
    </ClCompile>
    <ClCompile Include="Platform.cpp">
      <Filter>源文件\Game\GameItem</Filter>
    </ClCompile>
    <ClCompile Include="Player.cpp">
      <Filter>源文件\Game\GameItem</Filter>
    </ClCompile>
    <ClCompile Include="Storage.cpp">
      <Filter>源文件\Game\GameItem</Filter>
    </ClCompile>
    <ClCompile Include="TestBow.cpp">
      <Filter>源文件\Game\GameItem</Filter>
    </ClCompile>
    <ClCompile Include="NormalPlatform.cpp">
      <Filter>源文件</Filter>
    </ClCompile>
    <ClCompile Include="PlatformFactory.cpp">
      <Filter>源文件</Filter>
    </ClCompile>
    <ClCompile Include="StaticCollisionObject.cpp">
      <Filter>源文件</Filter>
    </ClCompile>
    <ClCompile Include="TWorldTransformInterface.cpp">
      <Filter>源文件</Filter>
    </ClCompile>
    <ClCompile Include="TLevel.cpp">
      <Filter>源文件</Filter>
    </ClCompile>
    <ClCompile Include="TLevelManager.cpp">
      <Filter>源文件</Filter>
    </ClCompile>
  </ItemGroup>
  <ItemGroup>
    <ClInclude Include="Sence.h">
      <Filter>头文件\Game\Sence</Filter>
    </ClInclude>
    <ClInclude Include="MenuSence.h">
      <Filter>头文件\Game\Sence</Filter>
    </ClInclude>
    <ClInclude Include="Animation.h">
      <Filter>头文件\Game\Render\AnimationRelated</Filter>
    </ClInclude>
    <ClInclude Include="Vector2.h">
      <Filter>头文件\Game\Basic</Filter>
    </ClInclude>
    <ClInclude Include="Transform.h">
      <Filter>头文件\Game\Basic</Filter>
    </ClInclude>
    <ClInclude Include="AnimationFactory.h">
      <Filter>头文件\Game\Render\AnimationRelated</Filter>
    </ClInclude>
    <ClInclude Include="GameSence.h">
      <Filter>头文件\Game\Sence</Filter>
    </ClInclude>
    <ClInclude Include="UTIL.hpp">
      <Filter>头文件\Game\Basic</Filter>
    </ClInclude>
    <ClInclude Include="Player.h">
      <Filter>头文件\Game\GameItem\Character</Filter>
    </ClInclude>
    <ClInclude Include="CollisionBox.h">
      <Filter>头文件\Game\GameItem\Collision</Filter>
    </ClInclude>
    <ClInclude Include="Character.h">
      <Filter>头文件\Game\GameItem\Character</Filter>
    </ClInclude>
    <ClInclude Include="ActorManager.h">
      <Filter>头文件\Game\GameItem\Factory</Filter>
    </ClInclude>
    <ClInclude Include="Storage.h">
      <Filter>头文件\Game\GameItem\Character</Filter>
    </ClInclude>
    <ClInclude Include="MenuButton.h">
      <Filter>头文件\Widget\Func_Button</Filter>
    </ClInclude>
    <ClInclude Include="HorizontalWidgetList.h">
      <Filter>头文件\Widget\Layer_Widget</Filter>
    </ClInclude>
    <ClInclude Include="VerticalWidgetList.h">
      <Filter>头文件\Widget\Layer_Widget</Filter>
    </ClInclude>
    <ClInclude Include="Label.h">
      <Filter>头文件\Widget\Display_Widget</Filter>
    </ClInclude>
    <ClInclude Include="Widget.h">
      <Filter>头文件\Widget\Basic</Filter>
    </ClInclude>
    <ClInclude Include="WidgetList.h">
      <Filter>头文件\Widget\Layer_Widget</Filter>
    </ClInclude>
    <ClInclude Include="WidgetTree.h">
      <Filter>头文件\Widget\unused</Filter>
    </ClInclude>
    <ClInclude Include="Button.h">
      <Filter>头文件\Widget\Func_Button</Filter>
    </ClInclude>
    <ClInclude Include="ItemButton.h">
      <Filter>头文件\Widget\Func_Button</Filter>
    </ClInclude>
    <ClInclude Include="ShortcutItemButton.h">
      <Filter>头文件\Widget\Func_Button</Filter>
    </ClInclude>
    <ClInclude Include="ItemManager.h">
      <Filter>头文件\Game\GameItem\Factory</Filter>
    </ClInclude>
    <ClInclude Include="TestBow.h">
      <Filter>头文件\Game\GameItem\Actor\Pawn\Item</Filter>
    </ClInclude>
    <ClInclude Include="Arrow.h">
      <Filter>头文件\Game\GameItem\Actor\Pawn\Bullet</Filter>
    </ClInclude>
    <ClInclude Include="StorageWidget.h">
      <Filter>头文件\Widget\Layer_Widget</Filter>
    </ClInclude>
    <ClInclude Include="UI_Button.h">
      <Filter>头文件\Widget\Func_Button</Filter>
    </ClInclude>
    <ClInclude Include="Bullet.h">
      <Filter>头文件\Game\GameItem\Actor\Pawn\Bullet</Filter>
    </ClInclude>
    <ClInclude Include="Item.h">
      <Filter>头文件\Game\GameItem\Actor\Pawn\Item</Filter>
    </ClInclude>
    <ClInclude Include="Singleton.hpp">
      <Filter>头文件\Game\Basic\BasicSingleton</Filter>
    </ClInclude>
    <ClInclude Include="InputManager.h">
      <Filter>头文件\Game\Basic\BasicSingleton</Filter>
    </ClInclude>
    <ClInclude Include="WidgetManager.h">
      <Filter>头文件\Widget\Singleton</Filter>
    </ClInclude>
    <ClInclude Include="Game.h">
      <Filter>头文件</Filter>
    </ClInclude>
    <ClInclude Include="Camera.h">
      <Filter>头文件\Game\Basic\BasicSingleton</Filter>
    </ClInclude>
    <ClInclude Include="SenceManager.h">
      <Filter>头文件\Game\Basic\BasicSingleton</Filter>
    </ClInclude>
    <ClInclude Include="RenderNode.h">
      <Filter>头文件\Game\Render</Filter>
    </ClInclude>
    <ClInclude Include="Actor.h">
      <Filter>头文件\Game\GameItem\Actor</Filter>
    </ClInclude>
    <ClInclude Include="TObject.h">
      <Filter>头文件\Game\Basic\Virtual_Obj</Filter>
    </ClInclude>
    <ClInclude Include="TComponentObject.h">
      <Filter>头文件\Game\Basic\Virtual_Obj</Filter>
    </ClInclude>
    <ClInclude Include="TEntityObject.h">
      <Filter>头文件\Game\Basic\Virtual_Obj</Filter>
    </ClInclude>
    <ClInclude Include="Timer.h">
      <Filter>头文件\Game\Basic\Time</Filter>
    </ClInclude>
    <ClInclude Include="MilisecondTimer.h">
      <Filter>头文件\Game\Basic\Time</Filter>
    </ClInclude>
    <ClInclude Include="Controller.h">
      <Filter>头文件\Game\Basic\BasicSingleton</Filter>
    </ClInclude>
    <ClInclude Include="TObjectManager.h">
      <Filter>头文件\Game\GameItem\Factory</Filter>
    </ClInclude>
    <ClInclude Include="RenderManager.h">
      <Filter>头文件\Game\Render</Filter>
    </ClInclude>
    <ClInclude Include="Atlas.h">
      <Filter>头文件\Game\Render\AnimationRelated</Filter>
    </ClInclude>
    <ClInclude Include="MovementComponent.h">
      <Filter>头文件\Game\GameItem\Component</Filter>
    </ClInclude>
    <ClInclude Include="Macro.hpp">
      <Filter>头文件</Filter>
    </ClInclude>
    <ClInclude Include="Block.h">
      <Filter>头文件\Game\GameItem\Actor\Chunck\Block</Filter>
    </ClInclude>
    <ClInclude Include="Platform.h">
      <Filter>头文件\Game\GameItem\Actor\Chunck\Playform</Filter>
    </ClInclude>
    <ClInclude Include="ResourcesManager.h">
      <Filter>头文件\Game\Render\AnimationRelated</Filter>
    </ClInclude>
    <ClInclude Include="CollisionComponent.h">
      <Filter>头文件\Game\GameItem\Component</Filter>
    </ClInclude>
    <ClInclude Include="CollisionManager.h">
      <Filter>头文件\Game\GameItem\Collision</Filter>
    </ClInclude>
    <ClInclude Include="GameId.h">
      <Filter>头文件</Filter>
    </ClInclude>
    <ClInclude Include="TLevel.h">
      <Filter>头文件\Game\Level</Filter>
    </ClInclude>
    <ClInclude Include="TLevelManager.h">
      <Filter>头文件\Game\Level</Filter>
    </ClInclude>
    <ClInclude Include="NormalPlatform.h">
      <Filter>头文件\Game\GameItem\Actor\Chunck\Playform</Filter>
    </ClInclude>
    <ClInclude Include="TWorldTransformObject.h">
      <Filter>头文件\Game\Basic\Virtual_Obj</Filter>
    </ClInclude>
    <ClInclude Include="TNodeInterface.hpp">
      <Filter>头文件\Game\Basic\Interface</Filter>
    </ClInclude>
    <ClInclude Include="PlatformFactory.h">
      <Filter>头文件\Game\GameItem\Factory</Filter>
    </ClInclude>
    <ClInclude Include="StaticCollisionObject.h">
      <Filter>头文件\Game\GameItem\Actor</Filter>
    </ClInclude>
    <ClInclude Include="TNodeManagerInterface.hpp">
      <Filter>头文件\Game\Basic\Interface</Filter>
    </ClInclude>
  </ItemGroup>
</Project>